
Microsoft Visual Studio Solution File, Format Version 11.00
# Visual Studio 2010
Project("{FAE04EC0-301F-11D3-BF4B-00C04F79EFBC}") = "Assembly-CSharp", "Assembly-CSharp.csproj", "{5CCBCA7C-523B-8B78-94E7-A26B7B94BDE5}"
EndProject
Project("{FAE04EC0-301F-11D3-BF4B-00C04F79EFBC}") = "PhotonVoice.API", "PhotonVoice.API.csproj", "{60AB1FA9-E6E1-C3F0-5CE8-9EBC12F8D808}"
EndProject
Project("{FAE04EC0-301F-11D3-BF4B-00C04F79EFBC}") = "PhotonVoice", "PhotonVoice.csproj", "{697AC2C5-F47F-877E-0942-E8B1C3EEC426}"
EndProject
Project("{FAE04EC0-301F-11D3-BF4B-00C04F79EFBC}") = "PhotonRealtime", "PhotonRealtime.csproj", "{FD1950B6-BFC4-7BC9-62D4-11E63129E06B}"
EndProject
Project("{FAE04EC0-301F-11D3-BF4B-00C04F79EFBC}") = "PhotonUnityNetworking", "PhotonUnityNetworking.csproj", "{1DEBFE51-D491-3A9A-9BA6-5D0255EE2E37}"
EndProject
Project("{FAE04EC0-301F-11D3-BF4B-00C04F79EFBC}") = "PhotonUnityNetworking.Utilities", "PhotonUnityNetworking.Utilities.csproj", "{D2596742-21E9-A40F-DE56-9D9F6084AEB0}"
EndProject
Project("{FAE04EC0-301F-11D3-BF4B-00C04F79EFBC}") = "PhotonChat", "PhotonChat.csproj", "{E3A3A7EF-ECDF-AEBB-124E-CC3B9535AB69}"
EndProject
Project("{FAE04EC0-301F-11D3-BF4B-00C04F79EFBC}") = "PhotonVoice.PUN", "PhotonVoice.PUN.csproj", "{35CFDB60-F7D9-6423-EBD7-1AE61FEC58D4}"
EndProject
Project("{FAE04EC0-301F-11D3-BF4B-00C04F79EFBC}") = "PhotonUnityNetworking.Editor", "PhotonUnityNetworking.Editor.csproj", "{18D6568E-4C79-01F4-A497-EBEF1DFAB2EC}"
EndProject
Project("{FAE04EC0-301F-11D3-BF4B-00C04F79EFBC}") = "PhotonVoice.Editor", "PhotonVoice.Editor.csproj", "{6CA40A5A-D8ED-0B87-3037-939C1E79ABE1}"
EndProject
Project("{FAE04EC0-301F-11D3-BF4B-00C04F79EFBC}") = "PhotonUnityNetworking.Utilities.PhotonPlayer.Editor", "PhotonUnityNetworking.Utilities.PhotonPlayer.Editor.csproj", "{623699F3-F994-51D3-6F3F-874966989D2D}"
EndProject
Project("{FAE04EC0-301F-11D3-BF4B-00C04F79EFBC}") = "PhotonUnityNetworking.Utilities.Culling.Editor", "PhotonUnityNetworking.Utilities.Culling.Editor.csproj", "{36DB997C-5EEA-C4B4-49AA-D4E1FC97BCA1}"
EndProject
Project("{FAE04EC0-301F-11D3-BF4B-00C04F79EFBC}") = "PhotonVoice.Utilities.Editor", "PhotonVoice.Utilities.Editor.csproj", "{03CDCDC1-81E7-F6DE-EC68-4F9580DDA3BA}"
EndProject
Project("{FAE04EC0-301F-11D3-BF4B-00C04F79EFBC}") = "MicAmplifierEditor.Editor", "MicAmplifierEditor.Editor.csproj", "{DF9F126B-F305-CDDF-EC81-89EA9C1D5322}"
EndProject
Project("{FAE04EC0-301F-11D3-BF4B-00C04F79EFBC}") = "PhotonVoice.PUN.Editor", "PhotonVoice.PUN.Editor.csproj", "{57DBB2ED-4183-CB19-94AA-B366E20820B7}"
EndProject
Global
	GlobalSection(SolutionConfigurationPlatforms) = preSolution
		Debug|Any CPU = Debug|Any CPU
		Release|Any CPU = Release|Any CPU
	EndGlobalSection
	GlobalSection(ProjectConfigurationPlatforms) = postSolution
		{5CCBCA7C-523B-8B78-94E7-A26B7B94BDE5}.Debug|Any CPU.ActiveCfg = Debug|Any CPU
		{5CCBCA7C-523B-8B78-94E7-A26B7B94BDE5}.Debug|Any CPU.Build.0 = Debug|Any CPU
		{5CCBCA7C-523B-8B78-94E7-A26B7B94BDE5}.Release|Any CPU.ActiveCfg = Release|Any CPU
		{5CCBCA7C-523B-8B78-94E7-A26B7B94BDE5}.Release|Any CPU.Build.0 = Release|Any CPU
		{60AB1FA9-E6E1-C3F0-5CE8-9EBC12F8D808}.Debug|Any CPU.ActiveCfg = Debug|Any CPU
		{60AB1FA9-E6E1-C3F0-5CE8-9EBC12F8D808}.Debug|Any CPU.Build.0 = Debug|Any CPU
		{60AB1FA9-E6E1-C3F0-5CE8-9EBC12F8D808}.Release|Any CPU.ActiveCfg = Release|Any CPU
		{60AB1FA9-E6E1-C3F0-5CE8-9EBC12F8D808}.Release|Any CPU.Build.0 = Release|Any CPU
		{697AC2C5-F47F-877E-0942-E8B1C3EEC426}.Debug|Any CPU.ActiveCfg = Debug|Any CPU
		{697AC2C5-F47F-877E-0942-E8B1C3EEC426}.Debug|Any CPU.Build.0 = Debug|Any CPU
		{697AC2C5-F47F-877E-0942-E8B1C3EEC426}.Release|Any CPU.ActiveCfg = Release|Any CPU
		{697AC2C5-F47F-877E-0942-E8B1C3EEC426}.Release|Any CPU.Build.0 = Release|Any CPU
		{FD1950B6-BFC4-7BC9-62D4-11E63129E06B}.Debug|Any CPU.ActiveCfg = Debug|Any CPU
		{FD1950B6-BFC4-7BC9-62D4-11E63129E06B}.Debug|Any CPU.Build.0 = Debug|Any CPU
		{FD1950B6-BFC4-7BC9-62D4-11E63129E06B}.Release|Any CPU.ActiveCfg = Release|Any CPU
		{FD1950B6-BFC4-7BC9-62D4-11E63129E06B}.Release|Any CPU.Build.0 = Release|Any CPU
		{1DEBFE51-D491-3A9A-9BA6-5D0255EE2E37}.Debug|Any CPU.ActiveCfg = Debug|Any CPU
		{1DEBFE51-D491-3A9A-9BA6-5D0255EE2E37}.Debug|Any CPU.Build.0 = Debug|Any CPU
		{1DEBFE51-D491-3A9A-9BA6-5D0255EE2E37}.Release|Any CPU.ActiveCfg = Release|Any CPU
		{1DEBFE51-D491-3A9A-9BA6-5D0255EE2E37}.Release|Any CPU.Build.0 = Release|Any CPU
		{D2596742-21E9-A40F-DE56-9D9F6084AEB0}.Debug|Any CPU.ActiveCfg = Debug|Any CPU
		{D2596742-21E9-A40F-DE56-9D9F6084AEB0}.Debug|Any CPU.Build.0 = Debug|Any CPU
		{D2596742-21E9-A40F-DE56-9D9F6084AEB0}.Release|Any CPU.ActiveCfg = Release|Any CPU
		{D2596742-21E9-A40F-DE56-9D9F6084AEB0}.Release|Any CPU.Build.0 = Release|Any CPU
		{E3A3A7EF-ECDF-AEBB-124E-CC3B9535AB69}.Debug|Any CPU.ActiveCfg = Debug|Any CPU
		{E3A3A7EF-ECDF-AEBB-124E-CC3B9535AB69}.Debug|Any CPU.Build.0 = Debug|Any CPU
		{E3A3A7EF-ECDF-AEBB-124E-CC3B9535AB69}.Release|Any CPU.ActiveCfg = Release|Any CPU
		{E3A3A7EF-ECDF-AEBB-124E-CC3B9535AB69}.Release|Any CPU.Build.0 = Release|Any CPU
		{35CFDB60-F7D9-6423-EBD7-1AE61FEC58D4}.Debug|Any CPU.ActiveCfg = Debug|Any CPU
		{35CFDB60-F7D9-6423-EBD7-1AE61FEC58D4}.Debug|Any CPU.Build.0 = Debug|Any CPU
		{35CFDB60-F7D9-6423-EBD7-1AE61FEC58D4}.Release|Any CPU.ActiveCfg = Release|Any CPU
		{35CFDB60-F7D9-6423-EBD7-1AE61FEC58D4}.Release|Any CPU.Build.0 = Release|Any CPU
		{18D6568E-4C79-01F4-A497-EBEF1DFAB2EC}.Debug|Any CPU.ActiveCfg = Debug|Any CPU
		{18D6568E-4C79-01F4-A497-EBEF1DFAB2EC}.Debug|Any CPU.Build.0 = Debug|Any CPU
		{18D6568E-4C79-01F4-A497-EBEF1DFAB2EC}.Release|Any CPU.ActiveCfg = Release|Any CPU
		{18D6568E-4C79-01F4-A497-EBEF1DFAB2EC}.Release|Any CPU.Build.0 = Release|Any CPU
		{6CA40A5A-D8ED-0B87-3037-939C1E79ABE1}.Debug|Any CPU.ActiveCfg = Debug|Any CPU
		{6CA40A5A-D8ED-0B87-3037-939C1E79ABE1}.Debug|Any CPU.Build.0 = Debug|Any CPU
		{6CA40A5A-D8ED-0B87-3037-939C1E79ABE1}.Release|Any CPU.ActiveCfg = Release|Any CPU
		{6CA40A5A-D8ED-0B87-3037-939C1E79ABE1}.Release|Any CPU.Build.0 = Release|Any CPU
		{623699F3-F994-51D3-6F3F-874966989D2D}.Debug|Any CPU.ActiveCfg = Debug|Any CPU
		{623699F3-F994-51D3-6F3F-874966989D2D}.Debug|Any CPU.Build.0 = Debug|Any CPU
		{623699F3-F994-51D3-6F3F-874966989D2D}.Release|Any CPU.ActiveCfg = Release|Any CPU
		{623699F3-F994-51D3-6F3F-874966989D2D}.Release|Any CPU.Build.0 = Release|Any CPU
		{36DB997C-5EEA-C4B4-49AA-D4E1FC97BCA1}.Debug|Any CPU.ActiveCfg = Debug|Any CPU
		{36DB997C-5EEA-C4B4-49AA-D4E1FC97BCA1}.Debug|Any CPU.Build.0 = Debug|Any CPU
		{36DB997C-5EEA-C4B4-49AA-D4E1FC97BCA1}.Release|Any CPU.ActiveCfg = Release|Any CPU
		{36DB997C-5EEA-C4B4-49AA-D4E1FC97BCA1}.Release|Any CPU.Build.0 = Release|Any CPU
		{03CDCDC1-81E7-F6DE-EC68-4F9580DDA3BA}.Debug|Any CPU.ActiveCfg = Debug|Any CPU
		{03CDCDC1-81E7-F6DE-EC68-4F9580DDA3BA}.Debug|Any CPU.Build.0 = Debug|Any CPU
		{03CDCDC1-81E7-F6DE-EC68-4F9580DDA3BA}.Release|Any CPU.ActiveCfg = Release|Any CPU
		{03CDCDC1-81E7-F6DE-EC68-4F9580DDA3BA}.Release|Any CPU.Build.0 = Release|Any CPU
		{DF9F126B-F305-CDDF-EC81-89EA9C1D5322}.Debug|Any CPU.ActiveCfg = Debug|Any CPU
		{DF9F126B-F305-CDDF-EC81-89EA9C1D5322}.Debug|Any CPU.Build.0 = Debug|Any CPU
		{DF9F126B-F305-CDDF-EC81-89EA9C1D5322}.Release|Any CPU.ActiveCfg = Release|Any CPU
		{DF9F126B-F305-CDDF-EC81-89EA9C1D5322}.Release|Any CPU.Build.0 = Release|Any CPU
		{57DBB2ED-4183-CB19-94AA-B366E20820B7}.Debug|Any CPU.ActiveCfg = Debug|Any CPU
		{57DBB2ED-4183-CB19-94AA-B366E20820B7}.Debug|Any CPU.Build.0 = Debug|Any CPU
		{57DBB2ED-4183-CB19-94AA-B366E20820B7}.Release|Any CPU.ActiveCfg = Release|Any CPU
		{57DBB2ED-4183-CB19-94AA-B366E20820B7}.Release|Any CPU.Build.0 = Release|Any CPU
	EndGlobalSection
	GlobalSection(SolutionProperties) = preSolution
		HideSolutionNode = FALSE
	EndGlobalSection
EndGlobal
